
Microsoft Visual Studio Solution File, Format Version 12.00
# Visual Studio Version 17
VisualStudioVersion = 17.14.36518.9 d17.14
MinimumVisualStudioVersion = 10.0.40219.1
Project("{FAE04EC0-301F-11D3-BF4B-00C04F79EFBC}") = "SignalHub.Middlware", "SignalHub.Middlware\SignalHub.Middlware.csproj", "{A520396E-2838-4CE3-AC73-ACD2E4C57942}"
EndProject
Global
	GlobalSection(SolutionConfigurationPlatforms) = preSolution
		Debug|Any CPU = Debug|Any CPU
		Release|Any CPU = Release|Any CPU
	EndGlobalSection
	GlobalSection(ProjectConfigurationPlatforms) = postSolution
		{A520396E-2838-4CE3-AC73-ACD2E4C57942}.Debug|Any CPU.ActiveCfg = Debug|Any CPU
		{A520396E-2838-4CE3-AC73-ACD2E4C57942}.Debug|Any CPU.Build.0 = Debug|Any CPU
		{A520396E-2838-4CE3-AC73-ACD2E4C57942}.Release|Any CPU.ActiveCfg = Release|Any CPU
		{A520396E-2838-4CE3-AC73-ACD2E4C57942}.Release|Any CPU.Build.0 = Release|Any CPU
	EndGlobalSection
	GlobalSection(SolutionProperties) = preSolution
		HideSolutionNode = FALSE
	EndGlobalSection
	GlobalSection(ExtensibilityGlobals) = postSolution
		SolutionGuid = {F2A6341D-A27A-464A-B5CD-7B4324AF2040}
	EndGlobalSection
EndGlobal
